
Microsoft Visual Studio Solution File, Format Version 12.00
# Visual Studio Version 16
VisualStudioVersion = 16.0.30011.22
MinimumVisualStudioVersion = 10.0.40219.1
Project("{9A19103F-16F7-4668-BE54-9A1E7A4F7556}") = "Intent.Modules.NestJS.Controllers", "Intent.Modules.NestJS.Controllers\Intent.Modules.NestJS.Controllers.csproj", "{69BFDEA9-E75F-4ED0-B4EB-AFC7D672048F}"
EndProject
Project("{9A19103F-16F7-4668-BE54-9A1E7A4F7556}") = "Intent.Modules.TypeORM.Entities", "Intent.Modules.TypeORM.Entities\Intent.Modules.TypeORM.Entities.csproj", "{3296CE45-064B-4978-900E-427CB564F955}"
EndProject
Project("{9A19103F-16F7-4668-BE54-9A1E7A4F7556}") = "Intent.ApplicationTemplates.NodeJs.Server", "Intent.ApplicationTemplates.NodeJs.Server\Intent.ApplicationTemplates.NodeJs.Server.csproj", "{327DB66D-E9E1-4D91-830C-30343219A23E}"
EndProject
Project("{9A19103F-16F7-4668-BE54-9A1E7A4F7556}") = "Intent.Modules.NestJS.Core", "Intent.Modules.NestJS.Core\Intent.Modules.NestJS.Core.csproj", "{AB51A39E-1A29-4E00-B843-A1677244C708}"
EndProject
Global
	GlobalSection(SolutionConfigurationPlatforms) = preSolution
		Debug|Any CPU = Debug|Any CPU
		Release|Any CPU = Release|Any CPU
	EndGlobalSection
	GlobalSection(ProjectConfigurationPlatforms) = postSolution
		{69BFDEA9-E75F-4ED0-B4EB-AFC7D672048F}.Debug|Any CPU.ActiveCfg = Debug|Any CPU
		{69BFDEA9-E75F-4ED0-B4EB-AFC7D672048F}.Debug|Any CPU.Build.0 = Debug|Any CPU
		{69BFDEA9-E75F-4ED0-B4EB-AFC7D672048F}.Release|Any CPU.ActiveCfg = Release|Any CPU
		{69BFDEA9-E75F-4ED0-B4EB-AFC7D672048F}.Release|Any CPU.Build.0 = Release|Any CPU
		{3296CE45-064B-4978-900E-427CB564F955}.Debug|Any CPU.ActiveCfg = Debug|Any CPU
		{3296CE45-064B-4978-900E-427CB564F955}.Debug|Any CPU.Build.0 = Debug|Any CPU
		{3296CE45-064B-4978-900E-427CB564F955}.Release|Any CPU.ActiveCfg = Release|Any CPU
		{3296CE45-064B-4978-900E-427CB564F955}.Release|Any CPU.Build.0 = Release|Any CPU
		{327DB66D-E9E1-4D91-830C-30343219A23E}.Debug|Any CPU.ActiveCfg = Debug|Any CPU
		{327DB66D-E9E1-4D91-830C-30343219A23E}.Debug|Any CPU.Build.0 = Debug|Any CPU
		{327DB66D-E9E1-4D91-830C-30343219A23E}.Release|Any CPU.ActiveCfg = Release|Any CPU
		{327DB66D-E9E1-4D91-830C-30343219A23E}.Release|Any CPU.Build.0 = Release|Any CPU
		{AB51A39E-1A29-4E00-B843-A1677244C708}.Debug|Any CPU.ActiveCfg = Debug|Any CPU
		{AB51A39E-1A29-4E00-B843-A1677244C708}.Debug|Any CPU.Build.0 = Debug|Any CPU
		{AB51A39E-1A29-4E00-B843-A1677244C708}.Release|Any CPU.ActiveCfg = Release|Any CPU
		{AB51A39E-1A29-4E00-B843-A1677244C708}.Release|Any CPU.Build.0 = Release|Any CPU
	EndGlobalSection
	GlobalSection(SolutionProperties) = preSolution
		HideSolutionNode = FALSE
	EndGlobalSection
	GlobalSection(ExtensibilityGlobals) = postSolution
		SolutionGuid = {24A3AC39-3DED-43E4-B1AE-5E047737EE73}
	EndGlobalSection
EndGlobal
